name: sharp-peer-lock

on:
  push:
    branches: [feat/auto-wrap-providers]
    paths:
      - package.json
      - .github/workflows/sharp-peer-lock.yml

permissions:
  contents: write

jobs:
  refresh:
    runs-on: ubuntu-latest
    steps:
      - uses: actions/checkout@v7
      - uses: pnpm/action-setup@v6
        with:
          version: 11.20.0
      - uses: actions/setup-node@v7
        with:
          node-version: 22
          cache: pnpm
      - run: pnpm install --lockfile-only
      - run: pnpm install --frozen-lockfile
      - run: pnpm test
      - name: Commit refreshed lockfile
        run: |
          if git diff --quiet -- pnpm-lock.yaml; then
            exit 0
          fi
          git config user.name "github-actions[bot]"
          git config user.email "41898282+github-actions[bot]@users.noreply.github.com"
          git add pnpm-lock.yaml
          git commit -m "chore: refresh lockfile for sharp peer"
          git push
